// !$*UTF8*$!
{
	archiveVersion = 1;
	classes = {
	};
	objectVersion = 46;
	objects = {

/* Begin PBXBuildFile section */
		9ECFF6141D777FDC00221CCB /* AppDelegate.swift in Sources */ = {isa = PBXBuildFile; fileRef = 9ECFF6131D777FDC00221CCB /* AppDelegate.swift */; };
		9ECFF6161D777FDC00221CCB /* ViewController.swift in Sources */ = {isa = PBXBuildFile; fileRef = 9ECFF6151D777FDC00221CCB /* ViewController.swift */; };
		9ECFF6191D777FDC00221CCB /* Main.storyboard in Resources */ = {isa = PBXBuildFile; fileRef = 9ECFF6171D777FDC00221CCB /* Main.storyboard */; };
		9ECFF61B1D777FDC00221CCB /* Assets.xcassets in Resources */ = {isa = PBXBuildFile; fileRef = 9ECFF61A1D777FDC00221CCB /* Assets.xcassets */; };
		9ECFF61E1D777FDC00221CCB /* LaunchScreen.storyboard in Resources */ = {isa = PBXBuildFile; fileRef = 9ECFF61C1D777FDC00221CCB /* LaunchScreen.storyboard */; };
		9ECFF6291D777FDC00221CCB /* MyFirstAppTests.swift in Sources */ = {isa = PBXBuildFile; fileRef = 9ECFF6281D777FDC00221CCB /* MyFirstAppTests.swift */; };
		9ECFF6341D777FDC00221CCB /* MyFirstAppUITests.swift in Sources */ = {isa = PBXBuildFile; fileRef = 9ECFF6331D777FDC00221CCB /* MyFirstAppUITests.swift */; };
/* End PBXBuildFile section */

/* Begin PBXContainerItemProxy section */
		9ECFF6251D777FDC00221CCB /* PBXContainerItemProxy */ = {
			isa = PBXContainerItemProxy;
			containerPortal = 9ECFF6081D777FDC00221CCB /* Project object */;
			proxyType = 1;
			remoteGlobalIDString = 9ECFF60F1D777FDC00221CCB;
			remoteInfo = MyFirstApp;
		};
		9ECFF6301D777FDC00221CCB /* PBXContainerItemProxy */ = {
			isa = PBXContainerItemProxy;
			containerPortal = 9ECFF6081D777FDC00221CCB /* Project object */;
			proxyType = 1;
			remoteGlobalIDString = 9ECFF60F1D777FDC00221CCB;
			remoteInfo = MyFirstApp;
		};
/* End PBXContainerItemProxy section */

/* Begin PBXFileReference section */
		9ECFF6101D777FDC00221CCB /* MyFirstApp.app */ = {isa = PBXFileReference; explicitFileType = wrapper.application; includeInIndex = 0; path = MyFirstApp.app; sourceTree = BUILT_PRODUCTS_DIR; };
		9ECFF6131D777FDC00221CCB /* AppDelegate.swift */ = {isa = PBXFileReference; lastKnownFileType = sourcecode.swift; path = AppDelegate.swift; sourceTree = "<group>"; };
		9ECFF6151D777FDC00221CCB /* ViewController.swift */ = {isa = PBXFileReference; lastKnownFileType = sourcecode.swift; path = ViewController.swift; sourceTree = "<group>"; };
		9ECFF6181D777FDC00221CCB /* Base */ = {isa = PBXFileReference; lastKnownFileType = file.storyboard; name = Base; path = Base.lproj/Main.storyboard; sourceTree = "<group>"; };
		9ECFF61A1D777FDC00221CCB /* Assets.xcassets */ = {isa = PBXFileReference; lastKnownFileType = folder.assetcatalog; path = Assets.xcassets; sourceTree = "<group>"; };
		9ECFF61D1D777FDC00221CCB /* Base */ = {isa = PBXFileReference; lastKnownFileType = file.storyboard; name = Base; path = Base.lproj/LaunchScreen.storyboard; sourceTree = "<group>"; };
		9ECFF61F1D777FDC00221CCB /* Info.plist */ = {isa = PBXFileReference; lastKnownFileType = text.plist.xml; path = Info.plist; sourceTree = "<group>"; };
		9ECFF6241D777FDC00221CCB /* MyFirstAppTests.xctest */ = {isa = PBXFileReference; explicitFileType = wrapper.cfbundle; includeInIndex = 0; path = MyFirstAppTests.xctest; sourceTree = BUILT_PRODUCTS_DIR; };
		9ECFF6281D777FDC00221CCB /* MyFirstAppTests.swift */ = {isa = PBXFileReference; lastKnownFileType = sourcecode.swift; path = MyFirstAppTests.swift; sourceTree = "<group>"; };
		9ECFF62A1D777FDC00221CCB /* Info.plist */ = {isa = PBXFileReference; lastKnownFileType = text.plist.xml; path = Info.plist; sourceTree = "<group>"; };
		9ECFF62F1D777FDC00221CCB /* MyFirstAppUITests.xctest */ = {isa = PBXFileReference; explicitFileType = wrapper.cfbundle; includeInIndex = 0; path = MyFirstAppUITests.xctest; sourceTree = BUILT_PRODUCTS_DIR; };
		9ECFF6331D777FDC00221CCB /* MyFirstAppUITests.swift */ = {isa = PBXFileReference; lastKnownFileType = sourcecode.swift; path = MyFirstAppUITests.swift; sourceTree = "<group>"; };
		9ECFF6351D777FDC00221CCB /* Info.plist */ = {isa = PBXFileReference; lastKnownFileType = text.plist.xml; path = Info.plist; sourceTree = "<group>"; };
/* End PBXFileReference section */

/* Begin PBXFrameworksBuildPhase section */
		9ECFF60D1D777FDC00221CCB /* Frameworks */ = {
			isa = PBXFrameworksBuildPhase;
			buildActionMask = 2147483647;
			files = (
			);
			runOnlyForDeploymentPostprocessing = 0;
		};
		9ECFF6211D777FDC00221CCB /* Frameworks */ = {
			isa = PBXFrameworksBuildPhase;
			buildActionMask = 2147483647;
			files = (
			);
			runOnlyForDeploymentPostprocessing = 0;
		};
		9ECFF62C1D777FDC00221CCB /* Frameworks */ = {
			isa = PBXFrameworksBuildPhase;
			buildActionMask = 2147483647;
			files = (
			);
			runOnlyForDeploymentPostprocessing = 0;
		};
/* End PBXFrameworksBuildPhase section */

/* Begin PBXGroup section */
		9ECFF6071D777FDC00221CCB = {
			isa = PBXGroup;
			children = (
				9ECFF6121D777FDC00221CCB /* MyFirstApp */,
				9ECFF6271D777FDC00221CCB /* MyFirstAppTests */,
				9ECFF6321D777FDC00221CCB /* MyFirstAppUITests */,
				9ECFF6111D777FDC00221CCB /* Products */,
			);
			sourceTree = "<group>";
		};
		9ECFF6111D777FDC00221CCB /* Products */ = {
			isa = PBXGroup;
			children = (
				9ECFF6101D777FDC00221CCB /* MyFirstApp.app */,
				9ECFF6241D777FDC00221CCB /* MyFirstAppTests.xctest */,
				9ECFF62F1D777FDC00221CCB /* MyFirstAppUITests.xctest */,
			);
			name = Products;
			sourceTree = "<group>";
		};
		9ECFF6121D777FDC00221CCB /* MyFirstApp */ = {
			isa = PBXGroup;
			children = (
				9ECFF6131D777FDC00221CCB /* AppDelegate.swift */,
				9ECFF6151D777FDC00221CCB /* ViewController.swift */,
				9ECFF6171D777FDC00221CCB /* Main.storyboard */,
				9ECFF61A1D777FDC00221CCB /* Assets.xcassets */,
				9ECFF61C1D777FDC00221CCB /* LaunchScreen.storyboard */,
				9ECFF61F1D777FDC00221CCB /* Info.plist */,
			);
			path = MyFirstApp;
			sourceTree = "<group>";
		};
		9ECFF6271D777FDC00221CCB /* MyFirstAppTests */ = {
			isa = PBXGroup;
			children = (
				9ECFF6281D777FDC00221CCB /* MyFirstAppTests.swift */,
				9ECFF62A1D777FDC00221CCB /* Info.plist */,
			);
			path = MyFirstAppTests;
			sourceTree = "<group>";
		};
		9ECFF6321D777FDC00221CCB /* MyFirstAppUITests */ = {
			isa = PBXGroup;
			children = (
				9ECFF6331D777FDC00221CCB /* MyFirstAppUITests.swift */,
				9ECFF6351D777FDC00221CCB /* Info.plist */,
			);
			path = MyFirstAppUITests;
			sourceTree = "<group>";
		};
/* End PBXGroup section */

/* Begin PBXNativeTarget section */
		9ECFF60F1D777FDC00221CCB /* MyFirstApp */ = {
			isa = PBXNativeTarget;
			buildConfigurationList = 9ECFF6381D777FDC00221CCB /* Build configuration list for PBXNativeTarget "MyFirstApp" */;
			buildPhases = (
				9ECFF60C1D777FDC00221CCB /* Sources */,
				9ECFF60D1D777FDC00221CCB /* Frameworks */,
				9ECFF60E1D777FDC00221CCB /* Resources */,
			);
			buildRules = (
			);
			dependencies = (
			);
			name = MyFirstApp;
			productName = MyFirstApp;
			productReference = 9ECFF6101D777FDC00221CCB /* MyFirstApp.app */;
			productType = "com.apple.product-type.application";
		};
		9ECFF6231D777FDC00221CCB /* MyFirstAppTests */ = {
			isa = PBXNativeTarget;
			buildConfigurationList = 9ECFF63B1D777FDC00221CCB /* Build configuration list for PBXNativeTarget "MyFirstAppTests" */;
			buildPhases = (
				9ECFF6201D777FDC00221CCB /* Sources */,
				9ECFF6211D777FDC00221CCB /* Frameworks */,
				9ECFF6221D777FDC00221CCB /* Resources */,
			);
			buildRules = (
			);
			dependencies = (
				9ECFF6261D777FDC00221CCB /* PBXTargetDependency */,
			);
			name = MyFirstAppTests;
			productName = MyFirstAppTests;
			productReference = 9ECFF6241D777FDC00221CCB /* MyFirstAppTests.xctest */;
			productType = "com.apple.product-type.bundle.unit-test";
		};
		9ECFF62E1D777FDC00221CCB /* MyFirstAppUITests */ = {
			isa = PBXNativeTarget;
			buildConfigurationList = 9ECFF63E1D777FDC00221CCB /* Build configuration list for PBXNativeTarget "MyFirstAppUITests" */;
			buildPhases = (
				9ECFF62B1D777FDC00221CCB /* Sources */,
				9ECFF62C1D777FDC00221CCB /* Frameworks */,
				9ECFF62D1D777FDC00221CCB /* Resources */,
			);
			buildRules = (
			);
			dependencies = (
				9ECFF6311D777FDC00221CCB /* PBXTargetDependency */,
			);
			name = MyFirstAppUITests;
			productName = MyFirstAppUITests;
			productReference = 9ECFF62F1D777FDC00221CCB /* MyFirstAppUITests.xctest */;
			productType = "com.apple.product-type.bundle.ui-testing";
		};
/* End PBXNativeTarget section */

/* Begin PBXProject section */
		9ECFF6081D777FDC00221CCB /* Project object */ = {
			isa = PBXProject;
			attributes = {
				LastSwiftUpdateCheck = 0710;
				LastUpgradeCheck = 0710;
				ORGANIZATIONNAME = "Keely Hicks";
				TargetAttributes = {
					9ECFF60F1D777FDC00221CCB = {
						CreatedOnToolsVersion = 7.1.1;
					};
					9ECFF6231D777FDC00221CCB = {
						CreatedOnToolsVersion = 7.1.1;
						TestTargetID = 9ECFF60F1D777FDC00221CCB;
					};
					9ECFF62E1D777FDC00221CCB = {
						CreatedOnToolsVersion = 7.1.1;
						TestTargetID = 9ECFF60F1D777FDC00221CCB;
					};
				};
			};
			buildConfigurationList = 9ECFF60B1D777FDC00221CCB /* Build configuration list for PBXProject "MyFirstApp" */;
			compatibilityVersion = "Xcode 3.2";
			developmentRegion = English;
			hasScannedForEncodings = 0;
			knownRegions = (
				en,
				Base,
			);
			mainGroup = 9ECFF6071D777FDC00221CCB;
			productRefGroup = 9ECFF6111D777FDC00221CCB /* Products */;
			projectDirPath = "";
			projectRoot = "";
			targets = (
				9ECFF60F1D777FDC00221CCB /* MyFirstApp */,
				9ECFF6231D777FDC00221CCB /* MyFirstAppTests */,
				9ECFF62E1D777FDC00221CCB /* MyFirstAppUITests */,
			);
		};
/* End PBXProject section */

/* Begin PBXResourcesBuildPhase section */
		9ECFF60E1D777FDC00221CCB /* Resources */ = {
			isa = PBXResourcesBuildPhase;
			buildActionMask = 2147483647;
			files = (
				9ECFF61E1D777FDC00221CCB /* LaunchScreen.storyboard in Resources */,
				9ECFF61B1D777FDC00221CCB /* Assets.xcassets in Resources */,
				9ECFF6191D777FDC00221CCB /* Main.storyboard in Resources */,
			);
			runOnlyForDeploymentPostprocessing = 0;
		};
		9ECFF6221D777FDC00221CCB /* Resources */ = {
			isa = PBXResourcesBuildPhase;
			buildActionMask = 2147483647;
			files = (
			);
			runOnlyForDeploymentPostprocessing = 0;
		};
		9ECFF62D1D777FDC00221CCB /* Resources */ = {
			isa = PBXResourcesBuildPhase;
			buildActionMask = 2147483647;
			files = (
			);
			runOnlyForDeploymentPostprocessing = 0;
		};
/* End PBXResourcesBuildPhase section */

/* Begin PBXSourcesBuildPhase section */
		9ECFF60C1D777FDC00221CCB /* Sources */ = {
			isa = PBXSourcesBuildPhase;
			buildActionMask = 2147483647;
			files = (
				9ECFF6161D777FDC00221CCB /* ViewController.swift in Sources */,
				9ECFF6141D777FDC00221CCB /* AppDelegate.swift in Sources */,
			);
			runOnlyForDeploymentPostprocessing = 0;
		};
		9ECFF6201D777FDC00221CCB /* Sources */ = {
			isa = PBXSourcesBuildPhase;
			buildActionMask = 2147483647;
			files = (
				9ECFF6291D777FDC00221CCB /* MyFirstAppTests.swift in Sources */,
			);
			runOnlyForDeploymentPostprocessing = 0;
		};
		9ECFF62B1D777FDC00221CCB /* Sources */ = {
			isa = PBXSourcesBuildPhase;
			buildActionMask = 2147483647;
			files = (
				9ECFF6341D777FDC00221CCB /* MyFirstAppUITests.swift in Sources */,
			);
			runOnlyForDeploymentPostprocessing = 0;
		};
/* End PBXSourcesBuildPhase section */

/* Begin PBXTargetDependency section */
		9ECFF6261D777FDC00221CCB /* PBXTargetDependency */ = {
			isa = PBXTargetDependency;
			target = 9ECFF60F1D777FDC00221CCB /* MyFirstApp */;
			targetProxy = 9ECFF6251D777FDC00221CCB /* PBXContainerItemProxy */;
		};
		9ECFF6311D777FDC00221CCB /* PBXTargetDependency */ = {
			isa = PBXTargetDependency;
			target = 9ECFF60F1D777FDC00221CCB /* MyFirstApp */;
			targetProxy = 9ECFF6301D777FDC00221CCB /* PBXContainerItemProxy */;
		};
/* End PBXTargetDependency section */

/* Begin PBXVariantGroup section */
		9ECFF6171D777FDC00221CCB /* Main.storyboard */ = {
			isa = PBXVariantGroup;
			children = (
				9ECFF6181D777FDC00221CCB /* Base */,
			);
			name = Main.storyboard;
			sourceTree = "<group>";
		};
		9ECFF61C1D777FDC00221CCB /* LaunchScreen.storyboard */ = {
			isa = PBXVariantGroup;
			children = (
				9ECFF61D1D777FDC00221CCB /* Base */,
			);
			name = LaunchScreen.storyboard;
			sourceTree = "<group>";
		};
/* End PBXVariantGroup section */

/* Begin XCBuildConfiguration section */
		9ECFF6361D777FDC00221CCB /* Debug */ = {
			isa = XCBuildConfiguration;
			buildSettings = {
				ALWAYS_SEARCH_USER_PATHS = NO;
				CLANG_CXX_LANGUAGE_STANDARD = "gnu++0x";
				CLANG_CXX_LIBRARY = "libc++";
				CLANG_ENABLE_MODULES = YES;
				CLANG_ENABLE_OBJC_ARC = YES;
				CLANG_WARN_BOOL_CONVERSION = YES;
				CLANG_WARN_CONSTANT_CONVERSION = YES;
				CLANG_WARN_DIRECT_OBJC_ISA_USAGE = YES_ERROR;
				CLANG_WARN_EMPTY_BODY = YES;
				CLANG_WARN_ENUM_CONVERSION = YES;
				CLANG_WARN_INT_CONVERSION = YES;
				CLANG_WARN_OBJC_ROOT_CLASS = YES_ERROR;
				CLANG_WARN_UNREACHABLE_CODE = YES;
				CLANG_WARN__DUPLICATE_METHOD_MATCH = YES;
				"CODE_SIGN_IDENTITY[sdk=iphoneos*]" = "iPhone Developer";
				COPY_PHASE_STRIP = NO;
				DEBUG_INFORMATION_FORMAT = dwarf;
				ENABLE_STRICT_OBJC_MSGSEND = YES;
				ENABLE_TESTABILITY = YES;
				GCC_C_LANGUAGE_STANDARD = gnu99;
				GCC_DYNAMIC_NO_PIC = NO;
				GCC_NO_COMMON_BLOCKS = YES;
				GCC_OPTIMIZATION_LEVEL = 0;
				GCC_PREPROCESSOR_DEFINITIONS = (
					"DEBUG=1",
					"$(inherited)",
				);
				GCC_WARN_64_TO_32_BIT_CONVERSION = YES;
				GCC_WARN_ABOUT_RETURN_TYPE = YES_ERROR;
				GCC_WARN_UNDECLARED_SELECTOR = YES;
				GCC_WARN_UNINITIALIZED_AUTOS = YES_AGGRESSIVE;
				GCC_WARN_UNUSED_FUNCTION = YES;
				GCC_WARN_UNUSED_VARIABLE = YES;
				IPHONEOS_DEPLOYMENT_TARGET = 9.1;
				MTL_ENABLE_DEBUG_INFO = YES;
				ONLY_ACTIVE_ARCH = YES;
				SDKROOT = iphoneos;
				SWIFT_OPTIMIZATION_LEVEL = "-Onone";
				TARGETED_DEVICE_FAMILY = "1,2";
			};
			name = Debug;
		};
		9ECFF6371D777FDC00221CCB /* Release */ = {
			isa = XCBuildConfiguration;
			buildSettings = {
				ALWAYS_SEARCH_USER_PATHS = NO;
				CLANG_CXX_LANGUAGE_STANDARD = "gnu++0x";
				CLANG_CXX_LIBRARY = "libc++";
				CLANG_ENABLE_MODULES = YES;
				CLANG_ENABLE_OBJC_ARC = YES;
				CLANG_WARN_BOOL_CONVERSION = YES;
				CLANG_WARN_CONSTANT_CONVERSION = YES;
				CLANG_WARN_DIRECT_OBJC_ISA_USAGE = YES_ERROR;
				CLANG_WARN_EMPTY_BODY = YES;
				CLANG_WARN_ENUM_CONVERSION = YES;
				CLANG_WARN_INT_CONVERSION = YES;
				CLANG_WARN_OBJC_ROOT_CLASS = YES_ERROR;
				CLANG_WARN_UNREACHABLE_CODE = YES;
				CLANG_WARN__DUPLICATE_METHOD_MATCH = YES;
				"CODE_SIGN_IDENTITY[sdk=iphoneos*]" = "iPhone Developer";
				COPY_PHASE_STRIP = NO;
				DEBUG_INFORMATION_FORMAT = "dwarf-with-dsym";
				ENABLE_NS_ASSERTIONS = NO;
				ENABLE_STRICT_OBJC_MSGSEND = YES;
				GCC_C_LANGUAGE_STANDARD = gnu99;
				GCC_NO_COMMON_BLOCKS = YES;
				GCC_WARN_64_TO_32_BIT_CONVERSION = YES;
				GCC_WARN_ABOUT_RETURN_TYPE = YES_ERROR;
				GCC_WARN_UNDECLARED_SELECTOR = YES;
				GCC_WARN_UNINITIALIZED_AUTOS = YES_AGGRESSIVE;
				GCC_WARN_UNUSED_FUNCTION = YES;
				GCC_WARN_UNUSED_VARIABLE = YES;
				IPHONEOS_DEPLOYMENT_TARGET = 9.1;
				MTL_ENABLE_DEBUG_INFO = NO;
				SDKROOT = iphoneos;
				TARGETED_DEVICE_FAMILY = "1,2";
				VALIDATE_PRODUCT = YES;
			};
			name = Release;
		};
		9ECFF6391D777FDC00221CCB /* Debug */ = {
			isa = XCBuildConfiguration;
			buildSettings = {
				ASSETCATALOG_COMPILER_APPICON_NAME = AppIcon;
				INFOPLIST_FILE = MyFirstApp/Info.plist;
				LD_RUNPATH_SEARCH_PATHS = "$(inherited) @executable_path/Frameworks";
				PRODUCT_BUNDLE_IDENTIFIER = com.keely.MyFirstApp;
				PRODUCT_NAME = "$(TARGET_NAME)";
			};
			name = Debug;
		};
		9ECFF63A1D777FDC00221CCB /* Release */ = {
			isa = XCBuildConfiguration;
			buildSettings = {
				ASSETCATALOG_COMPILER_APPICON_NAME = AppIcon;
				INFOPLIST_FILE = MyFirstApp/Info.plist;
				LD_RUNPATH_SEARCH_PATHS = "$(inherited) @executable_path/Frameworks";
				PRODUCT_BUNDLE_IDENTIFIER = com.keely.MyFirstApp;
				PRODUCT_NAME = "$(TARGET_NAME)";
			};
			name = Release;
		};
		9ECFF63C1D777FDC00221CCB /* Debug */ = {
			isa = XCBuildConfiguration;
			buildSettings = {
				BUNDLE_LOADER = "$(TEST_HOST)";
				INFOPLIST_FILE = MyFirstAppTests/Info.plist;
				LD_RUNPATH_SEARCH_PATHS = "$(inherited) @executable_path/Frameworks @loader_path/Frameworks";
				PRODUCT_BUNDLE_IDENTIFIER = com.keely.MyFirstAppTests;
				PRODUCT_NAME = "$(TARGET_NAME)";
				TEST_HOST = "$(BUILT_PRODUCTS_DIR)/MyFirstApp.app/MyFirstApp";
			};
			name = Debug;
		};
		9ECFF63D1D777FDC00221CCB /* Release */ = {
			isa = XCBuildConfiguration;
			buildSettings = {
				BUNDLE_LOADER = "$(TEST_HOST)";
				INFOPLIST_FILE = MyFirstAppTests/Info.plist;
				LD_RUNPATH_SEARCH_PATHS = "$(inherited) @executable_path/Frameworks @loader_path/Frameworks";
				PRODUCT_BUNDLE_IDENTIFIER = com.keely.MyFirstAppTests;
				PRODUCT_NAME = "$(TARGET_NAME)";
				TEST_HOST = "$(BUILT_PRODUCTS_DIR)/MyFirstApp.app/MyFirstApp";
			};
			name = Release;
		};
		9ECFF63F1D777FDC00221CCB /* Debug */ = {
			isa = XCBuildConfiguration;
			buildSettings = {
				INFOPLIST_FILE = MyFirstAppUITests/Info.plist;
				LD_RUNPATH_SEARCH_PATHS = "$(inherited) @executable_path/Frameworks @loader_path/Frameworks";
				PRODUCT_BUNDLE_IDENTIFIER = com.keely.MyFirstAppUITests;
				PRODUCT_NAME = "$(TARGET_NAME)";
				TEST_TARGET_NAME = MyFirstApp;
				USES_XCTRUNNER = YES;
			};
			name = Debug;
		};
		9ECFF6401D777FDC00221CCB /* Release */ = {
			isa = XCBuildConfiguration;
			buildSettings = {
				INFOPLIST_FILE = MyFirstAppUITests/Info.plist;
				LD_RUNPATH_SEARCH_PATHS = "$(inherited) @executable_path/Frameworks @loader_path/Frameworks";
				PRODUCT_BUNDLE_IDENTIFIER = com.keely.MyFirstAppUITests;
				PRODUCT_NAME = "$(TARGET_NAME)";
				TEST_TARGET_NAME = MyFirstApp;
				USES_XCTRUNNER = YES;
			};
			name = Release;
		};
/* End XCBuildConfiguration section */

/* Begin XCConfigurationList section */
		9ECFF60B1D777FDC00221CCB /* Build configuration list for PBXProject "MyFirstApp" */ = {
			isa = XCConfigurationList;
			buildConfigurations = (
				9ECFF6361D777FDC00221CCB /* Debug */,
				9ECFF6371D777FDC00221CCB /* Release */,
			);
			defaultConfigurationIsVisible = 0;
			defaultConfigurationName = Release;
		};
		9ECFF6381D777FDC00221CCB /* Build configuration list for PBXNativeTarget "MyFirstApp" */ = {
			isa = XCConfigurationList;
			buildConfigurations = (
				9ECFF6391D777FDC00221CCB /* Debug */,
				9ECFF63A1D777FDC00221CCB /* Release */,
			);
			defaultConfigurationIsVisible = 0;
		};
		9ECFF63B1D777FDC00221CCB /* Build configuration list for PBXNativeTarget "MyFirstAppTests" */ = {
			isa = XCConfigurationList;
			buildConfigurations = (
				9ECFF63C1D777FDC00221CCB /* Debug */,
				9ECFF63D1D777FDC00221CCB /* Release */,
			);
			defaultConfigurationIsVisible = 0;
		};
		9ECFF63E1D777FDC00221CCB /* Build configuration list for PBXNativeTarget "MyFirstAppUITests" */ = {
			isa = XCConfigurationList;
			buildConfigurations = (
				9ECFF63F1D777FDC00221CCB /* Debug */,
				9ECFF6401D777FDC00221CCB /* Release */,
			);
			defaultConfigurationIsVisible = 0;
		};
/* End XCConfigurationList section */
	};
	rootObject = 9ECFF6081D777FDC00221CCB /* Project object */;
}
